
Microsoft Visual Studio Solution File, Format Version 12.00
# Visual Studio Version 17
VisualStudioVersion = 17.5.002.0
MinimumVisualStudioVersion = 10.0.40219.1
Project("{2150E333-8FDC-42A3-9474-1A3956D46DE8}") = "GetStartedWithCsharp", "GetStartedWithCsharp", "{59D04961-2AB0-4EF0-83BB-2227F92B807A}"
EndProject
Project("{2150E333-8FDC-42A3-9474-1A3956D46DE8}") = "CsharpLogic", "CsharpLogic", "{85EA8A99-7E95-467F-B73A-DA9D1FFC2D30}"
EndProject
Project("{9A19103F-16F7-4668-BE54-9A1E7A4F7556}") = "TestProject1", "GetStartedWithCsharp\CsharpLogic\TestProject1\TestProject1.csproj", "{0010260C-7A7E-483A-BA2E-8CABC2FFCE6A}"
EndProject
Project("{9A19103F-16F7-4668-BE54-9A1E7A4F7556}") = "TestProject2", "GetStartedWithCsharp\CsharpLogic\TestProject2\TestProject2.csproj", "{AF0A839B-4F9F-4AE6-9F54-019496FC6E3B}"
EndProject
Project("{9A19103F-16F7-4668-BE54-9A1E7A4F7556}") = "TestProject3", "GetStartedWithCsharp\CsharpLogic\TestProject3\TestProject3.csproj", "{03C27DE6-3EE3-4BBB-88C4-2FC12DE5300A}"
EndProject
Project("{9A19103F-16F7-4668-BE54-9A1E7A4F7556}") = "TestProject4", "GetStartedWithCsharp\CsharpLogic\TestProject4\TestProject4.csproj", "{F7C9A0B5-506A-4F8C-81EB-F7EAA4616CD4}"
EndProject
Project("{9A19103F-16F7-4668-BE54-9A1E7A4F7556}") = "TestProject5", "GetStartedWithCsharp\CsharpLogic\TestProject5\TestProject5.csproj", "{643FB769-5406-4AA8-95EE-AA3E84AE3469}"
EndProject
Project("{2150E333-8FDC-42A3-9474-1A3956D46DE8}") = "CsharpSimpleConsoleApps", "CsharpSimpleConsoleApps", "{AE53B0CC-38F3-43A4-A2E1-59503E712D89}"
EndProject
Project("{9A19103F-16F7-4668-BE54-9A1E7A4F7556}") = "TestProject1", "GetStartedWithCsharp\CsharpSimpleConsoleApps\TestProject1\TestProject1.csproj", "{AEFA3D0A-63D4-4A66-8EC1-6EFEB2CA1346}"
EndProject
Project("{9A19103F-16F7-4668-BE54-9A1E7A4F7556}") = "TestProject2", "GetStartedWithCsharp\CsharpSimpleConsoleApps\TestProject2\TestProject2.csproj", "{F3A677D8-493C-4561-B7C0-A6963C26878F}"
EndProject
Project("{9A19103F-16F7-4668-BE54-9A1E7A4F7556}") = "TestProject3", "GetStartedWithCsharp\CsharpSimpleConsoleApps\TestProject3\TestProject3.csproj", "{7E729083-50AA-4AA7-A19B-3C3F9CB10DE9}"
EndProject
Project("{9A19103F-16F7-4668-BE54-9A1E7A4F7556}") = "TestProject4", "GetStartedWithCsharp\CsharpSimpleConsoleApps\TestProject4\TestProject4.csproj", "{90FE17DB-6E71-4198-AFA6-4D2F8A0A32E5}"
EndProject
Project("{9A19103F-16F7-4668-BE54-9A1E7A4F7556}") = "TestProject5", "GetStartedWithCsharp\CsharpSimpleConsoleApps\TestProject5\TestProject5.csproj", "{CB482B99-3123-4823-92D2-E3C25042F92D}"
EndProject
Project("{2150E333-8FDC-42A3-9474-1A3956D46DE8}") = "CsharpVariableData", "CsharpVariableData", "{10D61340-BC7B-407C-8018-8A999D80AEF3}"
EndProject
Project("{9A19103F-16F7-4668-BE54-9A1E7A4F7556}") = "TestProject1", "GetStartedWithCsharp\CsharpVariableData\TestProject1\TestProject1.csproj", "{09546BC5-1B6F-44B2-B08A-57C4E5C67D42}"
EndProject
Project("{9A19103F-16F7-4668-BE54-9A1E7A4F7556}") = "TestProject2", "GetStartedWithCsharp\CsharpVariableData\TestProject2\TestProject2.csproj", "{545BAB9A-64A8-47D8-BBD8-C0CC7BA5FE46}"
EndProject
Project("{9A19103F-16F7-4668-BE54-9A1E7A4F7556}") = "TestProject3", "GetStartedWithCsharp\CsharpVariableData\TestProject3\TestProject3.csproj", "{ED23D65A-274F-4DF7-BAE4-3C2D82CA4019}"
EndProject
Project("{9A19103F-16F7-4668-BE54-9A1E7A4F7556}") = "TestProject4", "GetStartedWithCsharp\CsharpVariableData\TestProject4\TestProject4.csproj", "{AB671FF8-6EB2-4FDE-ABAA-E62B239F929A}"
EndProject
Project("{9A19103F-16F7-4668-BE54-9A1E7A4F7556}") = "TestProject5", "GetStartedWithCsharp\CsharpVariableData\TestProject5\TestProject5.csproj", "{A7034D59-8E14-4209-AA59-883AE647D80B}"
EndProject
Project("{2150E333-8FDC-42A3-9474-1A3956D46DE8}") = "ChallengeProject", "ChallengeProject", "{3DBA0167-A050-4846-9C6F-988D66C1854D}"
EndProject
Project("{9A19103F-16F7-4668-BE54-9A1E7A4F7556}") = "Final", "GetStartedWithCsharp\CsharpLogic\ChallengeProject\Final\Final.csproj", "{5D5D1429-2917-4003-9D37-555985417FFC}"
EndProject
Project("{9A19103F-16F7-4668-BE54-9A1E7A4F7556}") = "Starter", "GetStartedWithCsharp\CsharpLogic\ChallengeProject\Starter\Starter.csproj", "{4C0A2667-4A07-4D84-93F4-157B918114D2}"
EndProject
Project("{2150E333-8FDC-42A3-9474-1A3956D46DE8}") = "GuidedProject", "GuidedProject", "{DAFF5B38-16C5-4ED9-B8FC-247F03FBADD0}"
EndProject
Project("{9A19103F-16F7-4668-BE54-9A1E7A4F7556}") = "Final", "GetStartedWithCsharp\CsharpLogic\GuidedProject\Final\Final.csproj", "{449849E8-E9B4-4EB0-BA33-450FAF3A7665}"
EndProject
Project("{9A19103F-16F7-4668-BE54-9A1E7A4F7556}") = "Starter", "GetStartedWithCsharp\CsharpLogic\GuidedProject\Starter\Starter.csproj", "{848CA8E5-3519-45D6-A155-88DD6CD3C37A}"
EndProject
Project("{2150E333-8FDC-42A3-9474-1A3956D46DE8}") = "ChallengeProject", "ChallengeProject", "{23E75F37-B7C3-49D7-AB3C-53A76FD90621}"
EndProject
Project("{9A19103F-16F7-4668-BE54-9A1E7A4F7556}") = "Final", "GetStartedWithCsharp\CsharpSimpleConsoleApps\ChallengeProject\Final\Final.csproj", "{6307054A-EF70-4029-8DEA-DF0A113C51A7}"
EndProject
Project("{9A19103F-16F7-4668-BE54-9A1E7A4F7556}") = "Starter", "GetStartedWithCsharp\CsharpSimpleConsoleApps\ChallengeProject\Starter\Starter.csproj", "{5C85D2A5-8D05-4BB2-A0F9-6705CD60D15A}"
EndProject
Project("{2150E333-8FDC-42A3-9474-1A3956D46DE8}") = "GuidedProject", "GuidedProject", "{D8DF8A3B-7FCA-4CF5-9291-A3796C0FAD98}"
EndProject
Project("{9A19103F-16F7-4668-BE54-9A1E7A4F7556}") = "Final", "GetStartedWithCsharp\CsharpSimpleConsoleApps\GuidedProject\Final\Final.csproj", "{EFF797AE-B22B-48ED-AF5A-C090C3B8F083}"
EndProject
Project("{9A19103F-16F7-4668-BE54-9A1E7A4F7556}") = "Starter", "GetStartedWithCsharp\CsharpSimpleConsoleApps\GuidedProject\Starter\Starter.csproj", "{4C7B3AED-3184-45D8-A5A5-30F727DA234A}"
EndProject
Project("{2150E333-8FDC-42A3-9474-1A3956D46DE8}") = "GuidedProject", "GuidedProject", "{CBB01884-C14C-48C1-9A0D-2FCBFC6A62EF}"
EndProject
Project("{9A19103F-16F7-4668-BE54-9A1E7A4F7556}") = "Final", "GetStartedWithCsharp\CsharpVariableData\GuidedProject\Final\Final.csproj", "{04792C05-62A6-4D36-AD67-97EA05940DC0}"
EndProject
Project("{9A19103F-16F7-4668-BE54-9A1E7A4F7556}") = "Starter", "GetStartedWithCsharp\CsharpVariableData\GuidedProject\Starter\Starter.csproj", "{D48BB27C-F65B-4234-B97B-B1CF4EA35054}"
EndProject
Global
	GlobalSection(SolutionConfigurationPlatforms) = preSolution
		Debug|Any CPU = Debug|Any CPU
		Release|Any CPU = Release|Any CPU
	EndGlobalSection
	GlobalSection(ProjectConfigurationPlatforms) = postSolution
		{0010260C-7A7E-483A-BA2E-8CABC2FFCE6A}.Debug|Any CPU.ActiveCfg = Debug|Any CPU
		{0010260C-7A7E-483A-BA2E-8CABC2FFCE6A}.Debug|Any CPU.Build.0 = Debug|Any CPU
		{0010260C-7A7E-483A-BA2E-8CABC2FFCE6A}.Release|Any CPU.ActiveCfg = Release|Any CPU
		{0010260C-7A7E-483A-BA2E-8CABC2FFCE6A}.Release|Any CPU.Build.0 = Release|Any CPU
		{AF0A839B-4F9F-4AE6-9F54-019496FC6E3B}.Debug|Any CPU.ActiveCfg = Debug|Any CPU
		{AF0A839B-4F9F-4AE6-9F54-019496FC6E3B}.Debug|Any CPU.Build.0 = Debug|Any CPU
		{AF0A839B-4F9F-4AE6-9F54-019496FC6E3B}.Release|Any CPU.ActiveCfg = Release|Any CPU
		{AF0A839B-4F9F-4AE6-9F54-019496FC6E3B}.Release|Any CPU.Build.0 = Release|Any CPU
		{03C27DE6-3EE3-4BBB-88C4-2FC12DE5300A}.Debug|Any CPU.ActiveCfg = Debug|Any CPU
		{03C27DE6-3EE3-4BBB-88C4-2FC12DE5300A}.Debug|Any CPU.Build.0 = Debug|Any CPU
		{03C27DE6-3EE3-4BBB-88C4-2FC12DE5300A}.Release|Any CPU.ActiveCfg = Release|Any CPU
		{03C27DE6-3EE3-4BBB-88C4-2FC12DE5300A}.Release|Any CPU.Build.0 = Release|Any CPU
		{F7C9A0B5-506A-4F8C-81EB-F7EAA4616CD4}.Debug|Any CPU.ActiveCfg = Debug|Any CPU
		{F7C9A0B5-506A-4F8C-81EB-F7EAA4616CD4}.Debug|Any CPU.Build.0 = Debug|Any CPU
		{F7C9A0B5-506A-4F8C-81EB-F7EAA4616CD4}.Release|Any CPU.ActiveCfg = Release|Any CPU
		{F7C9A0B5-506A-4F8C-81EB-F7EAA4616CD4}.Release|Any CPU.Build.0 = Release|Any CPU
		{643FB769-5406-4AA8-95EE-AA3E84AE3469}.Debug|Any CPU.ActiveCfg = Debug|Any CPU
		{643FB769-5406-4AA8-95EE-AA3E84AE3469}.Debug|Any CPU.Build.0 = Debug|Any CPU
		{643FB769-5406-4AA8-95EE-AA3E84AE3469}.Release|Any CPU.ActiveCfg = Release|Any CPU
		{643FB769-5406-4AA8-95EE-AA3E84AE3469}.Release|Any CPU.Build.0 = Release|Any CPU
		{AEFA3D0A-63D4-4A66-8EC1-6EFEB2CA1346}.Debug|Any CPU.ActiveCfg = Debug|Any CPU
		{AEFA3D0A-63D4-4A66-8EC1-6EFEB2CA1346}.Debug|Any CPU.Build.0 = Debug|Any CPU
		{AEFA3D0A-63D4-4A66-8EC1-6EFEB2CA1346}.Release|Any CPU.ActiveCfg = Release|Any CPU
		{AEFA3D0A-63D4-4A66-8EC1-6EFEB2CA1346}.Release|Any CPU.Build.0 = Release|Any CPU
		{F3A677D8-493C-4561-B7C0-A6963C26878F}.Debug|Any CPU.ActiveCfg = Debug|Any CPU
		{F3A677D8-493C-4561-B7C0-A6963C26878F}.Debug|Any CPU.Build.0 = Debug|Any CPU
		{F3A677D8-493C-4561-B7C0-A6963C26878F}.Release|Any CPU.ActiveCfg = Release|Any CPU
		{F3A677D8-493C-4561-B7C0-A6963C26878F}.Release|Any CPU.Build.0 = Release|Any CPU
		{7E729083-50AA-4AA7-A19B-3C3F9CB10DE9}.Debug|Any CPU.ActiveCfg = Debug|Any CPU
		{7E729083-50AA-4AA7-A19B-3C3F9CB10DE9}.Debug|Any CPU.Build.0 = Debug|Any CPU
		{7E729083-50AA-4AA7-A19B-3C3F9CB10DE9}.Release|Any CPU.ActiveCfg = Release|Any CPU
		{7E729083-50AA-4AA7-A19B-3C3F9CB10DE9}.Release|Any CPU.Build.0 = Release|Any CPU
		{90FE17DB-6E71-4198-AFA6-4D2F8A0A32E5}.Debug|Any CPU.ActiveCfg = Debug|Any CPU
		{90FE17DB-6E71-4198-AFA6-4D2F8A0A32E5}.Debug|Any CPU.Build.0 = Debug|Any CPU
		{90FE17DB-6E71-4198-AFA6-4D2F8A0A32E5}.Release|Any CPU.ActiveCfg = Release|Any CPU
		{90FE17DB-6E71-4198-AFA6-4D2F8A0A32E5}.Release|Any CPU.Build.0 = Release|Any CPU
		{CB482B99-3123-4823-92D2-E3C25042F92D}.Debug|Any CPU.ActiveCfg = Debug|Any CPU
		{CB482B99-3123-4823-92D2-E3C25042F92D}.Debug|Any CPU.Build.0 = Debug|Any CPU
		{CB482B99-3123-4823-92D2-E3C25042F92D}.Release|Any CPU.ActiveCfg = Release|Any CPU
		{CB482B99-3123-4823-92D2-E3C25042F92D}.Release|Any CPU.Build.0 = Release|Any CPU
		{09546BC5-1B6F-44B2-B08A-57C4E5C67D42}.Debug|Any CPU.ActiveCfg = Debug|Any CPU
		{09546BC5-1B6F-44B2-B08A-57C4E5C67D42}.Debug|Any CPU.Build.0 = Debug|Any CPU
		{09546BC5-1B6F-44B2-B08A-57C4E5C67D42}.Release|Any CPU.ActiveCfg = Release|Any CPU
		{09546BC5-1B6F-44B2-B08A-57C4E5C67D42}.Release|Any CPU.Build.0 = Release|Any CPU
		{545BAB9A-64A8-47D8-BBD8-C0CC7BA5FE46}.Debug|Any CPU.ActiveCfg = Debug|Any CPU
		{545BAB9A-64A8-47D8-BBD8-C0CC7BA5FE46}.Debug|Any CPU.Build.0 = Debug|Any CPU
		{545BAB9A-64A8-47D8-BBD8-C0CC7BA5FE46}.Release|Any CPU.ActiveCfg = Release|Any CPU
		{545BAB9A-64A8-47D8-BBD8-C0CC7BA5FE46}.Release|Any CPU.Build.0 = Release|Any CPU
		{ED23D65A-274F-4DF7-BAE4-3C2D82CA4019}.Debug|Any CPU.ActiveCfg = Debug|Any CPU
		{ED23D65A-274F-4DF7-BAE4-3C2D82CA4019}.Debug|Any CPU.Build.0 = Debug|Any CPU
		{ED23D65A-274F-4DF7-BAE4-3C2D82CA4019}.Release|Any CPU.ActiveCfg = Release|Any CPU
		{ED23D65A-274F-4DF7-BAE4-3C2D82CA4019}.Release|Any CPU.Build.0 = Release|Any CPU
		{AB671FF8-6EB2-4FDE-ABAA-E62B239F929A}.Debug|Any CPU.ActiveCfg = Debug|Any CPU
		{AB671FF8-6EB2-4FDE-ABAA-E62B239F929A}.Debug|Any CPU.Build.0 = Debug|Any CPU
		{AB671FF8-6EB2-4FDE-ABAA-E62B239F929A}.Release|Any CPU.ActiveCfg = Release|Any CPU
		{AB671FF8-6EB2-4FDE-ABAA-E62B239F929A}.Release|Any CPU.Build.0 = Release|Any CPU
		{A7034D59-8E14-4209-AA59-883AE647D80B}.Debug|Any CPU.ActiveCfg = Debug|Any CPU
		{A7034D59-8E14-4209-AA59-883AE647D80B}.Debug|Any CPU.Build.0 = Debug|Any CPU
		{A7034D59-8E14-4209-AA59-883AE647D80B}.Release|Any CPU.ActiveCfg = Release|Any CPU
		{A7034D59-8E14-4209-AA59-883AE647D80B}.Release|Any CPU.Build.0 = Release|Any CPU
		{5D5D1429-2917-4003-9D37-555985417FFC}.Debug|Any CPU.ActiveCfg = Debug|Any CPU
		{5D5D1429-2917-4003-9D37-555985417FFC}.Debug|Any CPU.Build.0 = Debug|Any CPU
		{5D5D1429-2917-4003-9D37-555985417FFC}.Release|Any CPU.ActiveCfg = Release|Any CPU
		{5D5D1429-2917-4003-9D37-555985417FFC}.Release|Any CPU.Build.0 = Release|Any CPU
		{4C0A2667-4A07-4D84-93F4-157B918114D2}.Debug|Any CPU.ActiveCfg = Debug|Any CPU
		{4C0A2667-4A07-4D84-93F4-157B918114D2}.Debug|Any CPU.Build.0 = Debug|Any CPU
		{4C0A2667-4A07-4D84-93F4-157B918114D2}.Release|Any CPU.ActiveCfg = Release|Any CPU
		{4C0A2667-4A07-4D84-93F4-157B918114D2}.Release|Any CPU.Build.0 = Release|Any CPU
		{449849E8-E9B4-4EB0-BA33-450FAF3A7665}.Debug|Any CPU.ActiveCfg = Debug|Any CPU
		{449849E8-E9B4-4EB0-BA33-450FAF3A7665}.Debug|Any CPU.Build.0 = Debug|Any CPU
		{449849E8-E9B4-4EB0-BA33-450FAF3A7665}.Release|Any CPU.ActiveCfg = Release|Any CPU
		{449849E8-E9B4-4EB0-BA33-450FAF3A7665}.Release|Any CPU.Build.0 = Release|Any CPU
		{848CA8E5-3519-45D6-A155-88DD6CD3C37A}.Debug|Any CPU.ActiveCfg = Debug|Any CPU
		{848CA8E5-3519-45D6-A155-88DD6CD3C37A}.Debug|Any CPU.Build.0 = Debug|Any CPU
		{848CA8E5-3519-45D6-A155-88DD6CD3C37A}.Release|Any CPU.ActiveCfg = Release|Any CPU
		{848CA8E5-3519-45D6-A155-88DD6CD3C37A}.Release|Any CPU.Build.0 = Release|Any CPU
		{6307054A-EF70-4029-8DEA-DF0A113C51A7}.Debug|Any CPU.ActiveCfg = Debug|Any CPU
		{6307054A-EF70-4029-8DEA-DF0A113C51A7}.Debug|Any CPU.Build.0 = Debug|Any CPU
		{6307054A-EF70-4029-8DEA-DF0A113C51A7}.Release|Any CPU.ActiveCfg = Release|Any CPU
		{6307054A-EF70-4029-8DEA-DF0A113C51A7}.Release|Any CPU.Build.0 = Release|Any CPU
		{5C85D2A5-8D05-4BB2-A0F9-6705CD60D15A}.Debug|Any CPU.ActiveCfg = Debug|Any CPU
		{5C85D2A5-8D05-4BB2-A0F9-6705CD60D15A}.Debug|Any CPU.Build.0 = Debug|Any CPU
		{5C85D2A5-8D05-4BB2-A0F9-6705CD60D15A}.Release|Any CPU.ActiveCfg = Release|Any CPU
		{5C85D2A5-8D05-4BB2-A0F9-6705CD60D15A}.Release|Any CPU.Build.0 = Release|Any CPU
		{EFF797AE-B22B-48ED-AF5A-C090C3B8F083}.Debug|Any CPU.ActiveCfg = Debug|Any CPU
		{EFF797AE-B22B-48ED-AF5A-C090C3B8F083}.Debug|Any CPU.Build.0 = Debug|Any CPU
		{EFF797AE-B22B-48ED-AF5A-C090C3B8F083}.Release|Any CPU.ActiveCfg = Release|Any CPU
		{EFF797AE-B22B-48ED-AF5A-C090C3B8F083}.Release|Any CPU.Build.0 = Release|Any CPU
		{4C7B3AED-3184-45D8-A5A5-30F727DA234A}.Debug|Any CPU.ActiveCfg = Debug|Any CPU
		{4C7B3AED-3184-45D8-A5A5-30F727DA234A}.Debug|Any CPU.Build.0 = Debug|Any CPU
		{4C7B3AED-3184-45D8-A5A5-30F727DA234A}.Release|Any CPU.ActiveCfg = Release|Any CPU
		{4C7B3AED-3184-45D8-A5A5-30F727DA234A}.Release|Any CPU.Build.0 = Release|Any CPU
		{04792C05-62A6-4D36-AD67-97EA05940DC0}.Debug|Any CPU.ActiveCfg = Debug|Any CPU
		{04792C05-62A6-4D36-AD67-97EA05940DC0}.Debug|Any CPU.Build.0 = Debug|Any CPU
		{04792C05-62A6-4D36-AD67-97EA05940DC0}.Release|Any CPU.ActiveCfg = Release|Any CPU
		{04792C05-62A6-4D36-AD67-97EA05940DC0}.Release|Any CPU.Build.0 = Release|Any CPU
		{D48BB27C-F65B-4234-B97B-B1CF4EA35054}.Debug|Any CPU.ActiveCfg = Debug|Any CPU
		{D48BB27C-F65B-4234-B97B-B1CF4EA35054}.Debug|Any CPU.Build.0 = Debug|Any CPU
		{D48BB27C-F65B-4234-B97B-B1CF4EA35054}.Release|Any CPU.ActiveCfg = Release|Any CPU
		{D48BB27C-F65B-4234-B97B-B1CF4EA35054}.Release|Any CPU.Build.0 = Release|Any CPU
	EndGlobalSection
	GlobalSection(SolutionProperties) = preSolution
		HideSolutionNode = FALSE
	EndGlobalSection
	GlobalSection(NestedProjects) = preSolution
		{85EA8A99-7E95-467F-B73A-DA9D1FFC2D30} = {59D04961-2AB0-4EF0-83BB-2227F92B807A}
		{0010260C-7A7E-483A-BA2E-8CABC2FFCE6A} = {85EA8A99-7E95-467F-B73A-DA9D1FFC2D30}
		{AF0A839B-4F9F-4AE6-9F54-019496FC6E3B} = {85EA8A99-7E95-467F-B73A-DA9D1FFC2D30}
		{03C27DE6-3EE3-4BBB-88C4-2FC12DE5300A} = {85EA8A99-7E95-467F-B73A-DA9D1FFC2D30}
		{F7C9A0B5-506A-4F8C-81EB-F7EAA4616CD4} = {85EA8A99-7E95-467F-B73A-DA9D1FFC2D30}
		{643FB769-5406-4AA8-95EE-AA3E84AE3469} = {85EA8A99-7E95-467F-B73A-DA9D1FFC2D30}
		{AE53B0CC-38F3-43A4-A2E1-59503E712D89} = {59D04961-2AB0-4EF0-83BB-2227F92B807A}
		{AEFA3D0A-63D4-4A66-8EC1-6EFEB2CA1346} = {AE53B0CC-38F3-43A4-A2E1-59503E712D89}
		{F3A677D8-493C-4561-B7C0-A6963C26878F} = {AE53B0CC-38F3-43A4-A2E1-59503E712D89}
		{7E729083-50AA-4AA7-A19B-3C3F9CB10DE9} = {AE53B0CC-38F3-43A4-A2E1-59503E712D89}
		{90FE17DB-6E71-4198-AFA6-4D2F8A0A32E5} = {AE53B0CC-38F3-43A4-A2E1-59503E712D89}
		{CB482B99-3123-4823-92D2-E3C25042F92D} = {AE53B0CC-38F3-43A4-A2E1-59503E712D89}
		{10D61340-BC7B-407C-8018-8A999D80AEF3} = {59D04961-2AB0-4EF0-83BB-2227F92B807A}
		{09546BC5-1B6F-44B2-B08A-57C4E5C67D42} = {10D61340-BC7B-407C-8018-8A999D80AEF3}
		{545BAB9A-64A8-47D8-BBD8-C0CC7BA5FE46} = {10D61340-BC7B-407C-8018-8A999D80AEF3}
		{ED23D65A-274F-4DF7-BAE4-3C2D82CA4019} = {10D61340-BC7B-407C-8018-8A999D80AEF3}
		{AB671FF8-6EB2-4FDE-ABAA-E62B239F929A} = {10D61340-BC7B-407C-8018-8A999D80AEF3}
		{A7034D59-8E14-4209-AA59-883AE647D80B} = {10D61340-BC7B-407C-8018-8A999D80AEF3}
		{3DBA0167-A050-4846-9C6F-988D66C1854D} = {85EA8A99-7E95-467F-B73A-DA9D1FFC2D30}
		{5D5D1429-2917-4003-9D37-555985417FFC} = {3DBA0167-A050-4846-9C6F-988D66C1854D}
		{4C0A2667-4A07-4D84-93F4-157B918114D2} = {3DBA0167-A050-4846-9C6F-988D66C1854D}
		{DAFF5B38-16C5-4ED9-B8FC-247F03FBADD0} = {85EA8A99-7E95-467F-B73A-DA9D1FFC2D30}
		{449849E8-E9B4-4EB0-BA33-450FAF3A7665} = {DAFF5B38-16C5-4ED9-B8FC-247F03FBADD0}
		{848CA8E5-3519-45D6-A155-88DD6CD3C37A} = {DAFF5B38-16C5-4ED9-B8FC-247F03FBADD0}
		{23E75F37-B7C3-49D7-AB3C-53A76FD90621} = {AE53B0CC-38F3-43A4-A2E1-59503E712D89}
		{6307054A-EF70-4029-8DEA-DF0A113C51A7} = {23E75F37-B7C3-49D7-AB3C-53A76FD90621}
		{5C85D2A5-8D05-4BB2-A0F9-6705CD60D15A} = {23E75F37-B7C3-49D7-AB3C-53A76FD90621}
		{D8DF8A3B-7FCA-4CF5-9291-A3796C0FAD98} = {AE53B0CC-38F3-43A4-A2E1-59503E712D89}
		{EFF797AE-B22B-48ED-AF5A-C090C3B8F083} = {D8DF8A3B-7FCA-4CF5-9291-A3796C0FAD98}
		{4C7B3AED-3184-45D8-A5A5-30F727DA234A} = {D8DF8A3B-7FCA-4CF5-9291-A3796C0FAD98}
		{CBB01884-C14C-48C1-9A0D-2FCBFC6A62EF} = {10D61340-BC7B-407C-8018-8A999D80AEF3}
		{04792C05-62A6-4D36-AD67-97EA05940DC0} = {CBB01884-C14C-48C1-9A0D-2FCBFC6A62EF}
		{D48BB27C-F65B-4234-B97B-B1CF4EA35054} = {CBB01884-C14C-48C1-9A0D-2FCBFC6A62EF}
	EndGlobalSection
	GlobalSection(ExtensibilityGlobals) = postSolution
		SolutionGuid = {0270C0D9-D290-4A5A-B26E-BF16FB3CDF59}
	EndGlobalSection
EndGlobal
