
Microsoft Visual Studio Solution File, Format Version 12.00
# Visual Studio Version 17
VisualStudioVersion = 17.5.002.0
MinimumVisualStudioVersion = 10.0.40219.1
Project("{2150E333-8FDC-42A3-9474-1A3956D46DE8}") = "GetStartedWithCsharp", "GetStartedWithCsharp", "{D12B8B64-B698-4628-BC85-8A645B28D03A}"
EndProject
Project("{2150E333-8FDC-42A3-9474-1A3956D46DE8}") = "CsharpLogic", "CsharpLogic", "{7CA8B93A-76D8-45EC-9946-F4056516262C}"
EndProject
Project("{9A19103F-16F7-4668-BE54-9A1E7A4F7556}") = "TestProject1", "GetStartedWithCsharp\CsharpLogic\TestProject1\TestProject1.csproj", "{97AC9BE0-EEFE-449F-A1AC-4A1A115A48C8}"
EndProject
Project("{9A19103F-16F7-4668-BE54-9A1E7A4F7556}") = "TestProject2", "GetStartedWithCsharp\CsharpLogic\TestProject2\TestProject2.csproj", "{7BAA185D-2640-4CC3-A494-D6C755E508A2}"
EndProject
Project("{9A19103F-16F7-4668-BE54-9A1E7A4F7556}") = "TestProject3", "GetStartedWithCsharp\CsharpLogic\TestProject3\TestProject3.csproj", "{33882DF1-15C7-4857-B4DF-0BB40AC5DEB9}"
EndProject
Project("{9A19103F-16F7-4668-BE54-9A1E7A4F7556}") = "TestProject4", "GetStartedWithCsharp\CsharpLogic\TestProject4\TestProject4.csproj", "{8841956F-E922-4584-A847-BFCE489DF957}"
EndProject
Project("{9A19103F-16F7-4668-BE54-9A1E7A4F7556}") = "TestProject5", "GetStartedWithCsharp\CsharpLogic\TestProject5\TestProject5.csproj", "{75EB4655-420A-4BDD-B1E9-1C47E6D6AC1E}"
EndProject
Project("{2150E333-8FDC-42A3-9474-1A3956D46DE8}") = "CsharpSimpleConsoleApps", "CsharpSimpleConsoleApps", "{7897DF45-5B13-476A-B781-284CD9C30E0D}"
EndProject
Project("{9A19103F-16F7-4668-BE54-9A1E7A4F7556}") = "TestProject1", "GetStartedWithCsharp\CsharpSimpleConsoleApps\TestProject1\TestProject1.csproj", "{4DB51708-74D1-4E17-84F5-24FCB2C0B4AD}"
EndProject
Project("{9A19103F-16F7-4668-BE54-9A1E7A4F7556}") = "TestProject2", "GetStartedWithCsharp\CsharpSimpleConsoleApps\TestProject2\TestProject2.csproj", "{87BF251D-7E40-4788-8038-7FB8AC26A239}"
EndProject
Project("{9A19103F-16F7-4668-BE54-9A1E7A4F7556}") = "TestProject3", "GetStartedWithCsharp\CsharpSimpleConsoleApps\TestProject3\TestProject3.csproj", "{DC11CCEC-D83E-4D17-B3D5-CE36141CA852}"
EndProject
Project("{9A19103F-16F7-4668-BE54-9A1E7A4F7556}") = "TestProject4", "GetStartedWithCsharp\CsharpSimpleConsoleApps\TestProject4\TestProject4.csproj", "{78DE2DF4-B9BB-471F-96F4-3C38E197B266}"
EndProject
Project("{9A19103F-16F7-4668-BE54-9A1E7A4F7556}") = "TestProject5", "GetStartedWithCsharp\CsharpSimpleConsoleApps\TestProject5\TestProject5.csproj", "{84AB14CB-0966-4E37-829F-5EB177217107}"
EndProject
Project("{2150E333-8FDC-42A3-9474-1A3956D46DE8}") = "CsharpVariableData", "CsharpVariableData", "{B54BF514-DFBC-4EC3-9CFA-BDB60FD1504C}"
EndProject
Project("{9A19103F-16F7-4668-BE54-9A1E7A4F7556}") = "TestProject1", "GetStartedWithCsharp\CsharpVariableData\TestProject1\TestProject1.csproj", "{37347A1C-B319-464B-A2BD-E167F4DD93E0}"
EndProject
Project("{9A19103F-16F7-4668-BE54-9A1E7A4F7556}") = "TestProject2", "GetStartedWithCsharp\CsharpVariableData\TestProject2\TestProject2.csproj", "{5C3B14B4-2366-4135-96CC-BDEBF487E476}"
EndProject
Project("{9A19103F-16F7-4668-BE54-9A1E7A4F7556}") = "TestProject3", "GetStartedWithCsharp\CsharpVariableData\TestProject3\TestProject3.csproj", "{09756DDB-4DC5-47A3-AF9C-EF6316AF3969}"
EndProject
Project("{9A19103F-16F7-4668-BE54-9A1E7A4F7556}") = "TestProject4", "GetStartedWithCsharp\CsharpVariableData\TestProject4\TestProject4.csproj", "{9818DB15-441F-4A85-B229-E8E41D23EEA1}"
EndProject
Project("{9A19103F-16F7-4668-BE54-9A1E7A4F7556}") = "TestProject5", "GetStartedWithCsharp\CsharpVariableData\TestProject5\TestProject5.csproj", "{7D0C994E-9B77-41DE-A009-3C3E88B779CE}"
EndProject
Project("{2150E333-8FDC-42A3-9474-1A3956D46DE8}") = "ChallengeProject", "ChallengeProject", "{6903810F-9259-4F44-BA60-802DBAC8E1C8}"
EndProject
Project("{9A19103F-16F7-4668-BE54-9A1E7A4F7556}") = "Final", "GetStartedWithCsharp\CsharpLogic\ChallengeProject\Final\Final.csproj", "{E9A129FA-9C83-4442-A78F-93D85BCED78F}"
EndProject
Project("{9A19103F-16F7-4668-BE54-9A1E7A4F7556}") = "Starter", "GetStartedWithCsharp\CsharpLogic\ChallengeProject\Starter\Starter.csproj", "{182A2B8F-290F-4318-A29E-0CF18DC16B6E}"
EndProject
Project("{2150E333-8FDC-42A3-9474-1A3956D46DE8}") = "GuidedProject", "GuidedProject", "{92A6C7E8-267F-4C29-A922-42AFD9CDD26A}"
EndProject
Project("{9A19103F-16F7-4668-BE54-9A1E7A4F7556}") = "Final", "GetStartedWithCsharp\CsharpLogic\GuidedProject\Final\Final.csproj", "{AD45BB47-32B4-4C8D-AD0F-891DDA40AF11}"
EndProject
Project("{9A19103F-16F7-4668-BE54-9A1E7A4F7556}") = "Starter", "GetStartedWithCsharp\CsharpLogic\GuidedProject\Starter\Starter.csproj", "{6D339A6A-CA0F-4755-B1D6-2274AC1BF9A7}"
EndProject
Project("{2150E333-8FDC-42A3-9474-1A3956D46DE8}") = "ChallengeProject", "ChallengeProject", "{8384D2E3-54C1-4F22-8049-EBFC6296072F}"
EndProject
Project("{9A19103F-16F7-4668-BE54-9A1E7A4F7556}") = "Final", "GetStartedWithCsharp\CsharpSimpleConsoleApps\ChallengeProject\Final\Final.csproj", "{B4532097-4D91-4A1F-B8E7-E308A6BDB9FA}"
EndProject
Project("{9A19103F-16F7-4668-BE54-9A1E7A4F7556}") = "Starter", "GetStartedWithCsharp\CsharpSimpleConsoleApps\ChallengeProject\Starter\Starter.csproj", "{D833A9FF-B47F-4B5C-AF80-0D043B56EE2B}"
EndProject
Project("{2150E333-8FDC-42A3-9474-1A3956D46DE8}") = "GuidedProject", "GuidedProject", "{4CC9F67C-8DA6-4789-986E-4B352A2C7228}"
EndProject
Project("{9A19103F-16F7-4668-BE54-9A1E7A4F7556}") = "Final", "GetStartedWithCsharp\CsharpSimpleConsoleApps\GuidedProject\Final\Final.csproj", "{A0AA542C-4937-4616-B20B-17F109CAB21C}"
EndProject
Project("{9A19103F-16F7-4668-BE54-9A1E7A4F7556}") = "Starter", "GetStartedWithCsharp\CsharpSimpleConsoleApps\GuidedProject\Starter\Starter.csproj", "{AE4AC0F5-427C-4B23-AECE-F6385A1E8E61}"
EndProject
Project("{2150E333-8FDC-42A3-9474-1A3956D46DE8}") = "ChallengeProject", "ChallengeProject", "{19F0A1EC-3F49-4DAE-B236-32CAF081C1D7}"
EndProject
Project("{9A19103F-16F7-4668-BE54-9A1E7A4F7556}") = "Final", "GetStartedWithCsharp\CsharpVariableData\ChallengeProject\Final\Final.csproj", "{0A7B2D40-8BAC-4E43-A274-AB1A983E5608}"
EndProject
Project("{9A19103F-16F7-4668-BE54-9A1E7A4F7556}") = "Starter", "GetStartedWithCsharp\CsharpVariableData\ChallengeProject\Starter\Starter.csproj", "{659FC3B9-5186-472C-9934-7E1F88324A81}"
EndProject
Project("{2150E333-8FDC-42A3-9474-1A3956D46DE8}") = "GuidedProject", "GuidedProject", "{6E2547A7-3FB0-42D8-B9D5-4EC3B1DD49DD}"
EndProject
Project("{9A19103F-16F7-4668-BE54-9A1E7A4F7556}") = "Final", "GetStartedWithCsharp\CsharpVariableData\GuidedProject\Final\Final.csproj", "{822C289A-A6E0-42AC-8CC8-83A16A4A77EB}"
EndProject
Project("{9A19103F-16F7-4668-BE54-9A1E7A4F7556}") = "Starter", "GetStartedWithCsharp\CsharpVariableData\GuidedProject\Starter\Starter.csproj", "{194CF525-F9F3-42D3-9AE7-A4AF1AB71A82}"
EndProject
Global
	GlobalSection(SolutionConfigurationPlatforms) = preSolution
		Debug|Any CPU = Debug|Any CPU
		Release|Any CPU = Release|Any CPU
	EndGlobalSection
	GlobalSection(ProjectConfigurationPlatforms) = postSolution
		{97AC9BE0-EEFE-449F-A1AC-4A1A115A48C8}.Debug|Any CPU.ActiveCfg = Debug|Any CPU
		{97AC9BE0-EEFE-449F-A1AC-4A1A115A48C8}.Debug|Any CPU.Build.0 = Debug|Any CPU
		{97AC9BE0-EEFE-449F-A1AC-4A1A115A48C8}.Release|Any CPU.ActiveCfg = Release|Any CPU
		{97AC9BE0-EEFE-449F-A1AC-4A1A115A48C8}.Release|Any CPU.Build.0 = Release|Any CPU
		{7BAA185D-2640-4CC3-A494-D6C755E508A2}.Debug|Any CPU.ActiveCfg = Debug|Any CPU
		{7BAA185D-2640-4CC3-A494-D6C755E508A2}.Debug|Any CPU.Build.0 = Debug|Any CPU
		{7BAA185D-2640-4CC3-A494-D6C755E508A2}.Release|Any CPU.ActiveCfg = Release|Any CPU
		{7BAA185D-2640-4CC3-A494-D6C755E508A2}.Release|Any CPU.Build.0 = Release|Any CPU
		{33882DF1-15C7-4857-B4DF-0BB40AC5DEB9}.Debug|Any CPU.ActiveCfg = Debug|Any CPU
		{33882DF1-15C7-4857-B4DF-0BB40AC5DEB9}.Debug|Any CPU.Build.0 = Debug|Any CPU
		{33882DF1-15C7-4857-B4DF-0BB40AC5DEB9}.Release|Any CPU.ActiveCfg = Release|Any CPU
		{33882DF1-15C7-4857-B4DF-0BB40AC5DEB9}.Release|Any CPU.Build.0 = Release|Any CPU
		{8841956F-E922-4584-A847-BFCE489DF957}.Debug|Any CPU.ActiveCfg = Debug|Any CPU
		{8841956F-E922-4584-A847-BFCE489DF957}.Debug|Any CPU.Build.0 = Debug|Any CPU
		{8841956F-E922-4584-A847-BFCE489DF957}.Release|Any CPU.ActiveCfg = Release|Any CPU
		{8841956F-E922-4584-A847-BFCE489DF957}.Release|Any CPU.Build.0 = Release|Any CPU
		{75EB4655-420A-4BDD-B1E9-1C47E6D6AC1E}.Debug|Any CPU.ActiveCfg = Debug|Any CPU
		{75EB4655-420A-4BDD-B1E9-1C47E6D6AC1E}.Debug|Any CPU.Build.0 = Debug|Any CPU
		{75EB4655-420A-4BDD-B1E9-1C47E6D6AC1E}.Release|Any CPU.ActiveCfg = Release|Any CPU
		{75EB4655-420A-4BDD-B1E9-1C47E6D6AC1E}.Release|Any CPU.Build.0 = Release|Any CPU
		{4DB51708-74D1-4E17-84F5-24FCB2C0B4AD}.Debug|Any CPU.ActiveCfg = Debug|Any CPU
		{4DB51708-74D1-4E17-84F5-24FCB2C0B4AD}.Debug|Any CPU.Build.0 = Debug|Any CPU
		{4DB51708-74D1-4E17-84F5-24FCB2C0B4AD}.Release|Any CPU.ActiveCfg = Release|Any CPU
		{4DB51708-74D1-4E17-84F5-24FCB2C0B4AD}.Release|Any CPU.Build.0 = Release|Any CPU
		{87BF251D-7E40-4788-8038-7FB8AC26A239}.Debug|Any CPU.ActiveCfg = Debug|Any CPU
		{87BF251D-7E40-4788-8038-7FB8AC26A239}.Debug|Any CPU.Build.0 = Debug|Any CPU
		{87BF251D-7E40-4788-8038-7FB8AC26A239}.Release|Any CPU.ActiveCfg = Release|Any CPU
		{87BF251D-7E40-4788-8038-7FB8AC26A239}.Release|Any CPU.Build.0 = Release|Any CPU
		{DC11CCEC-D83E-4D17-B3D5-CE36141CA852}.Debug|Any CPU.ActiveCfg = Debug|Any CPU
		{DC11CCEC-D83E-4D17-B3D5-CE36141CA852}.Debug|Any CPU.Build.0 = Debug|Any CPU
		{DC11CCEC-D83E-4D17-B3D5-CE36141CA852}.Release|Any CPU.ActiveCfg = Release|Any CPU
		{DC11CCEC-D83E-4D17-B3D5-CE36141CA852}.Release|Any CPU.Build.0 = Release|Any CPU
		{78DE2DF4-B9BB-471F-96F4-3C38E197B266}.Debug|Any CPU.ActiveCfg = Debug|Any CPU
		{78DE2DF4-B9BB-471F-96F4-3C38E197B266}.Debug|Any CPU.Build.0 = Debug|Any CPU
		{78DE2DF4-B9BB-471F-96F4-3C38E197B266}.Release|Any CPU.ActiveCfg = Release|Any CPU
		{78DE2DF4-B9BB-471F-96F4-3C38E197B266}.Release|Any CPU.Build.0 = Release|Any CPU
		{84AB14CB-0966-4E37-829F-5EB177217107}.Debug|Any CPU.ActiveCfg = Debug|Any CPU
		{84AB14CB-0966-4E37-829F-5EB177217107}.Debug|Any CPU.Build.0 = Debug|Any CPU
		{84AB14CB-0966-4E37-829F-5EB177217107}.Release|Any CPU.ActiveCfg = Release|Any CPU
		{84AB14CB-0966-4E37-829F-5EB177217107}.Release|Any CPU.Build.0 = Release|Any CPU
		{37347A1C-B319-464B-A2BD-E167F4DD93E0}.Debug|Any CPU.ActiveCfg = Debug|Any CPU
		{37347A1C-B319-464B-A2BD-E167F4DD93E0}.Debug|Any CPU.Build.0 = Debug|Any CPU
		{37347A1C-B319-464B-A2BD-E167F4DD93E0}.Release|Any CPU.ActiveCfg = Release|Any CPU
		{37347A1C-B319-464B-A2BD-E167F4DD93E0}.Release|Any CPU.Build.0 = Release|Any CPU
		{5C3B14B4-2366-4135-96CC-BDEBF487E476}.Debug|Any CPU.ActiveCfg = Debug|Any CPU
		{5C3B14B4-2366-4135-96CC-BDEBF487E476}.Debug|Any CPU.Build.0 = Debug|Any CPU
		{5C3B14B4-2366-4135-96CC-BDEBF487E476}.Release|Any CPU.ActiveCfg = Release|Any CPU
		{5C3B14B4-2366-4135-96CC-BDEBF487E476}.Release|Any CPU.Build.0 = Release|Any CPU
		{09756DDB-4DC5-47A3-AF9C-EF6316AF3969}.Debug|Any CPU.ActiveCfg = Debug|Any CPU
		{09756DDB-4DC5-47A3-AF9C-EF6316AF3969}.Debug|Any CPU.Build.0 = Debug|Any CPU
		{09756DDB-4DC5-47A3-AF9C-EF6316AF3969}.Release|Any CPU.ActiveCfg = Release|Any CPU
		{09756DDB-4DC5-47A3-AF9C-EF6316AF3969}.Release|Any CPU.Build.0 = Release|Any CPU
		{9818DB15-441F-4A85-B229-E8E41D23EEA1}.Debug|Any CPU.ActiveCfg = Debug|Any CPU
		{9818DB15-441F-4A85-B229-E8E41D23EEA1}.Debug|Any CPU.Build.0 = Debug|Any CPU
		{9818DB15-441F-4A85-B229-E8E41D23EEA1}.Release|Any CPU.ActiveCfg = Release|Any CPU
		{9818DB15-441F-4A85-B229-E8E41D23EEA1}.Release|Any CPU.Build.0 = Release|Any CPU
		{7D0C994E-9B77-41DE-A009-3C3E88B779CE}.Debug|Any CPU.ActiveCfg = Debug|Any CPU
		{7D0C994E-9B77-41DE-A009-3C3E88B779CE}.Debug|Any CPU.Build.0 = Debug|Any CPU
		{7D0C994E-9B77-41DE-A009-3C3E88B779CE}.Release|Any CPU.ActiveCfg = Release|Any CPU
		{7D0C994E-9B77-41DE-A009-3C3E88B779CE}.Release|Any CPU.Build.0 = Release|Any CPU
		{E9A129FA-9C83-4442-A78F-93D85BCED78F}.Debug|Any CPU.ActiveCfg = Debug|Any CPU
		{E9A129FA-9C83-4442-A78F-93D85BCED78F}.Debug|Any CPU.Build.0 = Debug|Any CPU
		{E9A129FA-9C83-4442-A78F-93D85BCED78F}.Release|Any CPU.ActiveCfg = Release|Any CPU
		{E9A129FA-9C83-4442-A78F-93D85BCED78F}.Release|Any CPU.Build.0 = Release|Any CPU
		{182A2B8F-290F-4318-A29E-0CF18DC16B6E}.Debug|Any CPU.ActiveCfg = Debug|Any CPU
		{182A2B8F-290F-4318-A29E-0CF18DC16B6E}.Debug|Any CPU.Build.0 = Debug|Any CPU
		{182A2B8F-290F-4318-A29E-0CF18DC16B6E}.Release|Any CPU.ActiveCfg = Release|Any CPU
		{182A2B8F-290F-4318-A29E-0CF18DC16B6E}.Release|Any CPU.Build.0 = Release|Any CPU
		{AD45BB47-32B4-4C8D-AD0F-891DDA40AF11}.Debug|Any CPU.ActiveCfg = Debug|Any CPU
		{AD45BB47-32B4-4C8D-AD0F-891DDA40AF11}.Debug|Any CPU.Build.0 = Debug|Any CPU
		{AD45BB47-32B4-4C8D-AD0F-891DDA40AF11}.Release|Any CPU.ActiveCfg = Release|Any CPU
		{AD45BB47-32B4-4C8D-AD0F-891DDA40AF11}.Release|Any CPU.Build.0 = Release|Any CPU
		{6D339A6A-CA0F-4755-B1D6-2274AC1BF9A7}.Debug|Any CPU.ActiveCfg = Debug|Any CPU
		{6D339A6A-CA0F-4755-B1D6-2274AC1BF9A7}.Debug|Any CPU.Build.0 = Debug|Any CPU
		{6D339A6A-CA0F-4755-B1D6-2274AC1BF9A7}.Release|Any CPU.ActiveCfg = Release|Any CPU
		{6D339A6A-CA0F-4755-B1D6-2274AC1BF9A7}.Release|Any CPU.Build.0 = Release|Any CPU
		{B4532097-4D91-4A1F-B8E7-E308A6BDB9FA}.Debug|Any CPU.ActiveCfg = Debug|Any CPU
		{B4532097-4D91-4A1F-B8E7-E308A6BDB9FA}.Debug|Any CPU.Build.0 = Debug|Any CPU
		{B4532097-4D91-4A1F-B8E7-E308A6BDB9FA}.Release|Any CPU.ActiveCfg = Release|Any CPU
		{B4532097-4D91-4A1F-B8E7-E308A6BDB9FA}.Release|Any CPU.Build.0 = Release|Any CPU
		{D833A9FF-B47F-4B5C-AF80-0D043B56EE2B}.Debug|Any CPU.ActiveCfg = Debug|Any CPU
		{D833A9FF-B47F-4B5C-AF80-0D043B56EE2B}.Debug|Any CPU.Build.0 = Debug|Any CPU
		{D833A9FF-B47F-4B5C-AF80-0D043B56EE2B}.Release|Any CPU.ActiveCfg = Release|Any CPU
		{D833A9FF-B47F-4B5C-AF80-0D043B56EE2B}.Release|Any CPU.Build.0 = Release|Any CPU
		{A0AA542C-4937-4616-B20B-17F109CAB21C}.Debug|Any CPU.ActiveCfg = Debug|Any CPU
		{A0AA542C-4937-4616-B20B-17F109CAB21C}.Debug|Any CPU.Build.0 = Debug|Any CPU
		{A0AA542C-4937-4616-B20B-17F109CAB21C}.Release|Any CPU.ActiveCfg = Release|Any CPU
		{A0AA542C-4937-4616-B20B-17F109CAB21C}.Release|Any CPU.Build.0 = Release|Any CPU
		{AE4AC0F5-427C-4B23-AECE-F6385A1E8E61}.Debug|Any CPU.ActiveCfg = Debug|Any CPU
		{AE4AC0F5-427C-4B23-AECE-F6385A1E8E61}.Debug|Any CPU.Build.0 = Debug|Any CPU
		{AE4AC0F5-427C-4B23-AECE-F6385A1E8E61}.Release|Any CPU.ActiveCfg = Release|Any CPU
		{AE4AC0F5-427C-4B23-AECE-F6385A1E8E61}.Release|Any CPU.Build.0 = Release|Any CPU
		{0A7B2D40-8BAC-4E43-A274-AB1A983E5608}.Debug|Any CPU.ActiveCfg = Debug|Any CPU
		{0A7B2D40-8BAC-4E43-A274-AB1A983E5608}.Debug|Any CPU.Build.0 = Debug|Any CPU
		{0A7B2D40-8BAC-4E43-A274-AB1A983E5608}.Release|Any CPU.ActiveCfg = Release|Any CPU
		{0A7B2D40-8BAC-4E43-A274-AB1A983E5608}.Release|Any CPU.Build.0 = Release|Any CPU
		{659FC3B9-5186-472C-9934-7E1F88324A81}.Debug|Any CPU.ActiveCfg = Debug|Any CPU
		{659FC3B9-5186-472C-9934-7E1F88324A81}.Debug|Any CPU.Build.0 = Debug|Any CPU
		{659FC3B9-5186-472C-9934-7E1F88324A81}.Release|Any CPU.ActiveCfg = Release|Any CPU
		{659FC3B9-5186-472C-9934-7E1F88324A81}.Release|Any CPU.Build.0 = Release|Any CPU
		{822C289A-A6E0-42AC-8CC8-83A16A4A77EB}.Debug|Any CPU.ActiveCfg = Debug|Any CPU
		{822C289A-A6E0-42AC-8CC8-83A16A4A77EB}.Debug|Any CPU.Build.0 = Debug|Any CPU
		{822C289A-A6E0-42AC-8CC8-83A16A4A77EB}.Release|Any CPU.ActiveCfg = Release|Any CPU
		{822C289A-A6E0-42AC-8CC8-83A16A4A77EB}.Release|Any CPU.Build.0 = Release|Any CPU
		{194CF525-F9F3-42D3-9AE7-A4AF1AB71A82}.Debug|Any CPU.ActiveCfg = Debug|Any CPU
		{194CF525-F9F3-42D3-9AE7-A4AF1AB71A82}.Debug|Any CPU.Build.0 = Debug|Any CPU
		{194CF525-F9F3-42D3-9AE7-A4AF1AB71A82}.Release|Any CPU.ActiveCfg = Release|Any CPU
		{194CF525-F9F3-42D3-9AE7-A4AF1AB71A82}.Release|Any CPU.Build.0 = Release|Any CPU
	EndGlobalSection
	GlobalSection(SolutionProperties) = preSolution
		HideSolutionNode = FALSE
	EndGlobalSection
	GlobalSection(NestedProjects) = preSolution
		{7CA8B93A-76D8-45EC-9946-F4056516262C} = {D12B8B64-B698-4628-BC85-8A645B28D03A}
		{97AC9BE0-EEFE-449F-A1AC-4A1A115A48C8} = {7CA8B93A-76D8-45EC-9946-F4056516262C}
		{7BAA185D-2640-4CC3-A494-D6C755E508A2} = {7CA8B93A-76D8-45EC-9946-F4056516262C}
		{33882DF1-15C7-4857-B4DF-0BB40AC5DEB9} = {7CA8B93A-76D8-45EC-9946-F4056516262C}
		{8841956F-E922-4584-A847-BFCE489DF957} = {7CA8B93A-76D8-45EC-9946-F4056516262C}
		{75EB4655-420A-4BDD-B1E9-1C47E6D6AC1E} = {7CA8B93A-76D8-45EC-9946-F4056516262C}
		{7897DF45-5B13-476A-B781-284CD9C30E0D} = {D12B8B64-B698-4628-BC85-8A645B28D03A}
		{4DB51708-74D1-4E17-84F5-24FCB2C0B4AD} = {7897DF45-5B13-476A-B781-284CD9C30E0D}
		{87BF251D-7E40-4788-8038-7FB8AC26A239} = {7897DF45-5B13-476A-B781-284CD9C30E0D}
		{DC11CCEC-D83E-4D17-B3D5-CE36141CA852} = {7897DF45-5B13-476A-B781-284CD9C30E0D}
		{78DE2DF4-B9BB-471F-96F4-3C38E197B266} = {7897DF45-5B13-476A-B781-284CD9C30E0D}
		{84AB14CB-0966-4E37-829F-5EB177217107} = {7897DF45-5B13-476A-B781-284CD9C30E0D}
		{B54BF514-DFBC-4EC3-9CFA-BDB60FD1504C} = {D12B8B64-B698-4628-BC85-8A645B28D03A}
		{37347A1C-B319-464B-A2BD-E167F4DD93E0} = {B54BF514-DFBC-4EC3-9CFA-BDB60FD1504C}
		{5C3B14B4-2366-4135-96CC-BDEBF487E476} = {B54BF514-DFBC-4EC3-9CFA-BDB60FD1504C}
		{09756DDB-4DC5-47A3-AF9C-EF6316AF3969} = {B54BF514-DFBC-4EC3-9CFA-BDB60FD1504C}
		{9818DB15-441F-4A85-B229-E8E41D23EEA1} = {B54BF514-DFBC-4EC3-9CFA-BDB60FD1504C}
		{7D0C994E-9B77-41DE-A009-3C3E88B779CE} = {B54BF514-DFBC-4EC3-9CFA-BDB60FD1504C}
		{6903810F-9259-4F44-BA60-802DBAC8E1C8} = {7CA8B93A-76D8-45EC-9946-F4056516262C}
		{E9A129FA-9C83-4442-A78F-93D85BCED78F} = {6903810F-9259-4F44-BA60-802DBAC8E1C8}
		{182A2B8F-290F-4318-A29E-0CF18DC16B6E} = {6903810F-9259-4F44-BA60-802DBAC8E1C8}
		{92A6C7E8-267F-4C29-A922-42AFD9CDD26A} = {7CA8B93A-76D8-45EC-9946-F4056516262C}
		{AD45BB47-32B4-4C8D-AD0F-891DDA40AF11} = {92A6C7E8-267F-4C29-A922-42AFD9CDD26A}
		{6D339A6A-CA0F-4755-B1D6-2274AC1BF9A7} = {92A6C7E8-267F-4C29-A922-42AFD9CDD26A}
		{8384D2E3-54C1-4F22-8049-EBFC6296072F} = {7897DF45-5B13-476A-B781-284CD9C30E0D}
		{B4532097-4D91-4A1F-B8E7-E308A6BDB9FA} = {8384D2E3-54C1-4F22-8049-EBFC6296072F}
		{D833A9FF-B47F-4B5C-AF80-0D043B56EE2B} = {8384D2E3-54C1-4F22-8049-EBFC6296072F}
		{4CC9F67C-8DA6-4789-986E-4B352A2C7228} = {7897DF45-5B13-476A-B781-284CD9C30E0D}
		{A0AA542C-4937-4616-B20B-17F109CAB21C} = {4CC9F67C-8DA6-4789-986E-4B352A2C7228}
		{AE4AC0F5-427C-4B23-AECE-F6385A1E8E61} = {4CC9F67C-8DA6-4789-986E-4B352A2C7228}
		{19F0A1EC-3F49-4DAE-B236-32CAF081C1D7} = {B54BF514-DFBC-4EC3-9CFA-BDB60FD1504C}
		{0A7B2D40-8BAC-4E43-A274-AB1A983E5608} = {19F0A1EC-3F49-4DAE-B236-32CAF081C1D7}
		{659FC3B9-5186-472C-9934-7E1F88324A81} = {19F0A1EC-3F49-4DAE-B236-32CAF081C1D7}
		{6E2547A7-3FB0-42D8-B9D5-4EC3B1DD49DD} = {B54BF514-DFBC-4EC3-9CFA-BDB60FD1504C}
		{822C289A-A6E0-42AC-8CC8-83A16A4A77EB} = {6E2547A7-3FB0-42D8-B9D5-4EC3B1DD49DD}
		{194CF525-F9F3-42D3-9AE7-A4AF1AB71A82} = {6E2547A7-3FB0-42D8-B9D5-4EC3B1DD49DD}
	EndGlobalSection
	GlobalSection(ExtensibilityGlobals) = postSolution
		SolutionGuid = {3C48C9FC-5151-4B61-BA9C-AD1C2BE2778F}
	EndGlobalSection
EndGlobal
