
Microsoft Visual Studio Solution File, Format Version 12.00
# Visual Studio Version 17
VisualStudioVersion = 17.5.002.0
MinimumVisualStudioVersion = 10.0.40219.1
Project("{2150E333-8FDC-42A3-9474-1A3956D46DE8}") = "GetStartedWithCsharp", "GetStartedWithCsharp", "{0A3BF09B-3DC0-4713-980B-FE761562886B}"
EndProject
Project("{2150E333-8FDC-42A3-9474-1A3956D46DE8}") = "CsharpDebugging", "CsharpDebugging", "{F7A26028-9A41-4498-A555-3B08C9D378D7}"
EndProject
Project("{9A19103F-16F7-4668-BE54-9A1E7A4F7556}") = "Debug101", "GetStartedWithCsharp\CsharpDebugging\Debug101\Debug101.csproj", "{F18D985B-87AD-4D7B-8403-D242A6F27C18}"
EndProject
Project("{2150E333-8FDC-42A3-9474-1A3956D46DE8}") = "CsharpLogic", "CsharpLogic", "{2BF23394-9852-4B1B-8B7E-C72A68DD18A0}"
EndProject
Project("{9A19103F-16F7-4668-BE54-9A1E7A4F7556}") = "TestProject1", "GetStartedWithCsharp\CsharpLogic\TestProject1\TestProject1.csproj", "{9EEF0068-B478-445D-BE9F-13078824BFAC}"
EndProject
Project("{9A19103F-16F7-4668-BE54-9A1E7A4F7556}") = "TestProject2", "GetStartedWithCsharp\CsharpLogic\TestProject2\TestProject2.csproj", "{5DC94230-D20B-4ED1-81FF-E7C5A5268308}"
EndProject
Project("{9A19103F-16F7-4668-BE54-9A1E7A4F7556}") = "TestProject3", "GetStartedWithCsharp\CsharpLogic\TestProject3\TestProject3.csproj", "{120E3E85-D979-4BDE-A461-48C0525057C9}"
EndProject
Project("{9A19103F-16F7-4668-BE54-9A1E7A4F7556}") = "TestProject4", "GetStartedWithCsharp\CsharpLogic\TestProject4\TestProject4.csproj", "{215C982D-7C01-4EE1-A8C3-7E9D358632F0}"
EndProject
Project("{9A19103F-16F7-4668-BE54-9A1E7A4F7556}") = "TestProject5", "GetStartedWithCsharp\CsharpLogic\TestProject5\TestProject5.csproj", "{C2F14F6B-B480-485C-984A-A8C9C8C024D8}"
EndProject
Project("{2150E333-8FDC-42A3-9474-1A3956D46DE8}") = "CsharpMethods", "CsharpMethods", "{AEFAE6B0-AE37-438E-AA32-AAEB8EFAC393}"
EndProject
Project("{9A19103F-16F7-4668-BE54-9A1E7A4F7556}") = "GuidedProject", "GetStartedWithCsharp\CsharpMethods\GuidedProject\GuidedProject.csproj", "{C53F21FC-02E5-4727-AA0A-EC86258DD725}"
EndProject
Project("{9A19103F-16F7-4668-BE54-9A1E7A4F7556}") = "TestProject1", "GetStartedWithCsharp\CsharpMethods\TestProject1\TestProject1.csproj", "{32125E2F-5474-4EB8-B887-40BDEF64E747}"
EndProject
Project("{9A19103F-16F7-4668-BE54-9A1E7A4F7556}") = "TestProject2", "GetStartedWithCsharp\CsharpMethods\TestProject2\TestProject2.csproj", "{F6602F5D-4B1C-4E70-A4B9-5D48C2D9325E}"
EndProject
Project("{9A19103F-16F7-4668-BE54-9A1E7A4F7556}") = "TestProject3", "GetStartedWithCsharp\CsharpMethods\TestProject3\TestProject3.csproj", "{DAF669DE-08B6-4278-83FE-891191B2ADED}"
EndProject
Project("{2150E333-8FDC-42A3-9474-1A3956D46DE8}") = "CsharpSimpleConsoleApps", "CsharpSimpleConsoleApps", "{1BEB6FD5-B182-4594-9FF0-4E431B131FFB}"
EndProject
Project("{9A19103F-16F7-4668-BE54-9A1E7A4F7556}") = "TestProject1", "GetStartedWithCsharp\CsharpSimpleConsoleApps\TestProject1\TestProject1.csproj", "{799B874D-F9E3-4378-9FCE-7131D87D82B1}"
EndProject
Project("{9A19103F-16F7-4668-BE54-9A1E7A4F7556}") = "TestProject2", "GetStartedWithCsharp\CsharpSimpleConsoleApps\TestProject2\TestProject2.csproj", "{FCD1CA89-7BFD-4355-888D-2B473C2895C1}"
EndProject
Project("{9A19103F-16F7-4668-BE54-9A1E7A4F7556}") = "TestProject3", "GetStartedWithCsharp\CsharpSimpleConsoleApps\TestProject3\TestProject3.csproj", "{62014E81-A822-4F2D-8011-E0A2F8DF7EC4}"
EndProject
Project("{9A19103F-16F7-4668-BE54-9A1E7A4F7556}") = "TestProject4", "GetStartedWithCsharp\CsharpSimpleConsoleApps\TestProject4\TestProject4.csproj", "{347CF46B-F12F-4C0D-B51A-1420D74F423E}"
EndProject
Project("{9A19103F-16F7-4668-BE54-9A1E7A4F7556}") = "TestProject5", "GetStartedWithCsharp\CsharpSimpleConsoleApps\TestProject5\TestProject5.csproj", "{611E9DF3-E9ED-48AE-A28C-F9F78F6A1F9A}"
EndProject
Project("{2150E333-8FDC-42A3-9474-1A3956D46DE8}") = "CsharpVariableData", "CsharpVariableData", "{37587E69-7154-4A10-AC48-7F653FAE22A5}"
EndProject
Project("{9A19103F-16F7-4668-BE54-9A1E7A4F7556}") = "TestProject1", "GetStartedWithCsharp\CsharpVariableData\TestProject1\TestProject1.csproj", "{C6D9EF93-FD71-4F12-A2D4-A0CBF2BD212E}"
EndProject
Project("{9A19103F-16F7-4668-BE54-9A1E7A4F7556}") = "TestProject2", "GetStartedWithCsharp\CsharpVariableData\TestProject2\TestProject2.csproj", "{830276DB-80EB-45F4-B7D5-7905B8CB7CE5}"
EndProject
Project("{9A19103F-16F7-4668-BE54-9A1E7A4F7556}") = "TestProject3", "GetStartedWithCsharp\CsharpVariableData\TestProject3\TestProject3.csproj", "{2C119D2C-E515-424B-B120-0BBE2D75B6F8}"
EndProject
Project("{9A19103F-16F7-4668-BE54-9A1E7A4F7556}") = "TestProject4", "GetStartedWithCsharp\CsharpVariableData\TestProject4\TestProject4.csproj", "{84ADFD6E-1937-4531-BA8C-7460012A18CD}"
EndProject
Project("{9A19103F-16F7-4668-BE54-9A1E7A4F7556}") = "TestProject5", "GetStartedWithCsharp\CsharpVariableData\TestProject5\TestProject5.csproj", "{72BA8F36-3AC6-4F1C-B371-561468550885}"
EndProject
Project("{2150E333-8FDC-42A3-9474-1A3956D46DE8}") = "ChallengeProject", "ChallengeProject", "{F4869F70-B690-498E-880F-81B3D950B961}"
EndProject
Project("{9A19103F-16F7-4668-BE54-9A1E7A4F7556}") = "Final", "GetStartedWithCsharp\CsharpLogic\ChallengeProject\Final\Final.csproj", "{F0249711-3403-43D0-B3F7-198A003F77D0}"
EndProject
Project("{9A19103F-16F7-4668-BE54-9A1E7A4F7556}") = "Starter", "GetStartedWithCsharp\CsharpLogic\ChallengeProject\Starter\Starter.csproj", "{1B2B13DC-3AB5-462B-ACF7-28926F539DC3}"
EndProject
Project("{2150E333-8FDC-42A3-9474-1A3956D46DE8}") = "GuidedProject", "GuidedProject", "{C7248856-9B18-418F-9CB9-2C9DAC0A0EB9}"
EndProject
Project("{9A19103F-16F7-4668-BE54-9A1E7A4F7556}") = "Final", "GetStartedWithCsharp\CsharpLogic\GuidedProject\Final\Final.csproj", "{DD452B62-6C5A-4FC4-8A80-E53528CECA71}"
EndProject
Project("{9A19103F-16F7-4668-BE54-9A1E7A4F7556}") = "Starter", "GetStartedWithCsharp\CsharpLogic\GuidedProject\Starter\Starter.csproj", "{86A951B0-BDFE-432A-A8D3-2031D67CE99E}"
EndProject
Project("{2150E333-8FDC-42A3-9474-1A3956D46DE8}") = "ChallengeProject", "ChallengeProject", "{B59AE6CD-F73B-41F9-82CA-A9E4C058F4FA}"
EndProject
Project("{9A19103F-16F7-4668-BE54-9A1E7A4F7556}") = "Final", "GetStartedWithCsharp\CsharpMethods\ChallengeProject\Final\Final.csproj", "{673D0F4D-0767-4858-9664-E93AF429DA4B}"
EndProject
Project("{9A19103F-16F7-4668-BE54-9A1E7A4F7556}") = "Starter", "GetStartedWithCsharp\CsharpMethods\ChallengeProject\Starter\Starter.csproj", "{E5F62E18-CDED-4163-AE05-2EAA046E1530}"
EndProject
Project("{2150E333-8FDC-42A3-9474-1A3956D46DE8}") = "ChallengeProject", "ChallengeProject", "{B4CBA6FB-F95C-4768-96B8-18D9A90933A2}"
EndProject
Project("{9A19103F-16F7-4668-BE54-9A1E7A4F7556}") = "Final", "GetStartedWithCsharp\CsharpSimpleConsoleApps\ChallengeProject\Final\Final.csproj", "{6FD90D6D-600B-45FB-85BE-DFA6DAF37E23}"
EndProject
Project("{9A19103F-16F7-4668-BE54-9A1E7A4F7556}") = "Starter", "GetStartedWithCsharp\CsharpSimpleConsoleApps\ChallengeProject\Starter\Starter.csproj", "{6967D968-9357-4F77-85A0-68437A0A3F28}"
EndProject
Project("{2150E333-8FDC-42A3-9474-1A3956D46DE8}") = "GuidedProject", "GuidedProject", "{E2B4BFF9-36B8-4EEF-AA0D-AB5D22956A6F}"
EndProject
Project("{9A19103F-16F7-4668-BE54-9A1E7A4F7556}") = "Final", "GetStartedWithCsharp\CsharpSimpleConsoleApps\GuidedProject\Final\Final.csproj", "{633B8FFA-F52E-4AE2-A389-DB87FF246FD7}"
EndProject
Project("{9A19103F-16F7-4668-BE54-9A1E7A4F7556}") = "Starter", "GetStartedWithCsharp\CsharpSimpleConsoleApps\GuidedProject\Starter\Starter.csproj", "{63273755-8A61-445D-9B06-063AD09F3D1A}"
EndProject
Project("{2150E333-8FDC-42A3-9474-1A3956D46DE8}") = "ChallengeProject", "ChallengeProject", "{5BE48A52-5C72-4521-8CA7-DC5F3E8C8B9F}"
EndProject
Project("{9A19103F-16F7-4668-BE54-9A1E7A4F7556}") = "Final", "GetStartedWithCsharp\CsharpVariableData\ChallengeProject\Final\Final.csproj", "{4145E1B4-730D-46E0-A300-FB427320A9C2}"
EndProject
Project("{9A19103F-16F7-4668-BE54-9A1E7A4F7556}") = "Starter", "GetStartedWithCsharp\CsharpVariableData\ChallengeProject\Starter\Starter.csproj", "{3A244129-6A86-4102-8109-4E24CA3EAAC7}"
EndProject
Project("{2150E333-8FDC-42A3-9474-1A3956D46DE8}") = "GuidedProject", "GuidedProject", "{202DC13C-7A8B-414E-B225-015F2B711EB6}"
EndProject
Project("{9A19103F-16F7-4668-BE54-9A1E7A4F7556}") = "Final", "GetStartedWithCsharp\CsharpVariableData\GuidedProject\Final\Final.csproj", "{D99C8A0A-C095-460E-A3D3-14CB4956BA05}"
EndProject
Project("{9A19103F-16F7-4668-BE54-9A1E7A4F7556}") = "Starter", "GetStartedWithCsharp\CsharpVariableData\GuidedProject\Starter\Starter.csproj", "{DD8FCBB8-21A7-49B6-93C2-8E869B307117}"
EndProject
Project("{FAE04EC0-301F-11D3-BF4B-00C04F79EFBC}") = "Exceptions101", "GetStartedWithCsharp\CsharpDebugging\Exceptions101\Exceptions101.csproj", "{E3EF5514-D10B-4F3D-B601-70EA43310B13}"
EndProject
Project("{FAE04EC0-301F-11D3-BF4B-00C04F79EFBC}") = "ThrowExceptions101", "GetStartedWithCsharp\CsharpDebugging\ThrowExceptions101\ThrowExceptions101.csproj", "{5809C71D-7077-4441-8140-6F0BB196EB2B}"
EndProject
Global
	GlobalSection(SolutionConfigurationPlatforms) = preSolution
		Debug|Any CPU = Debug|Any CPU
		Release|Any CPU = Release|Any CPU
	EndGlobalSection
	GlobalSection(ProjectConfigurationPlatforms) = postSolution
		{F18D985B-87AD-4D7B-8403-D242A6F27C18}.Debug|Any CPU.ActiveCfg = Debug|Any CPU
		{F18D985B-87AD-4D7B-8403-D242A6F27C18}.Debug|Any CPU.Build.0 = Debug|Any CPU
		{F18D985B-87AD-4D7B-8403-D242A6F27C18}.Release|Any CPU.ActiveCfg = Release|Any CPU
		{F18D985B-87AD-4D7B-8403-D242A6F27C18}.Release|Any CPU.Build.0 = Release|Any CPU
		{9EEF0068-B478-445D-BE9F-13078824BFAC}.Debug|Any CPU.ActiveCfg = Debug|Any CPU
		{9EEF0068-B478-445D-BE9F-13078824BFAC}.Debug|Any CPU.Build.0 = Debug|Any CPU
		{9EEF0068-B478-445D-BE9F-13078824BFAC}.Release|Any CPU.ActiveCfg = Release|Any CPU
		{9EEF0068-B478-445D-BE9F-13078824BFAC}.Release|Any CPU.Build.0 = Release|Any CPU
		{5DC94230-D20B-4ED1-81FF-E7C5A5268308}.Debug|Any CPU.ActiveCfg = Debug|Any CPU
		{5DC94230-D20B-4ED1-81FF-E7C5A5268308}.Debug|Any CPU.Build.0 = Debug|Any CPU
		{5DC94230-D20B-4ED1-81FF-E7C5A5268308}.Release|Any CPU.ActiveCfg = Release|Any CPU
		{5DC94230-D20B-4ED1-81FF-E7C5A5268308}.Release|Any CPU.Build.0 = Release|Any CPU
		{120E3E85-D979-4BDE-A461-48C0525057C9}.Debug|Any CPU.ActiveCfg = Debug|Any CPU
		{120E3E85-D979-4BDE-A461-48C0525057C9}.Debug|Any CPU.Build.0 = Debug|Any CPU
		{120E3E85-D979-4BDE-A461-48C0525057C9}.Release|Any CPU.ActiveCfg = Release|Any CPU
		{120E3E85-D979-4BDE-A461-48C0525057C9}.Release|Any CPU.Build.0 = Release|Any CPU
		{215C982D-7C01-4EE1-A8C3-7E9D358632F0}.Debug|Any CPU.ActiveCfg = Debug|Any CPU
		{215C982D-7C01-4EE1-A8C3-7E9D358632F0}.Debug|Any CPU.Build.0 = Debug|Any CPU
		{215C982D-7C01-4EE1-A8C3-7E9D358632F0}.Release|Any CPU.ActiveCfg = Release|Any CPU
		{215C982D-7C01-4EE1-A8C3-7E9D358632F0}.Release|Any CPU.Build.0 = Release|Any CPU
		{C2F14F6B-B480-485C-984A-A8C9C8C024D8}.Debug|Any CPU.ActiveCfg = Debug|Any CPU
		{C2F14F6B-B480-485C-984A-A8C9C8C024D8}.Debug|Any CPU.Build.0 = Debug|Any CPU
		{C2F14F6B-B480-485C-984A-A8C9C8C024D8}.Release|Any CPU.ActiveCfg = Release|Any CPU
		{C2F14F6B-B480-485C-984A-A8C9C8C024D8}.Release|Any CPU.Build.0 = Release|Any CPU
		{C53F21FC-02E5-4727-AA0A-EC86258DD725}.Debug|Any CPU.ActiveCfg = Debug|Any CPU
		{C53F21FC-02E5-4727-AA0A-EC86258DD725}.Debug|Any CPU.Build.0 = Debug|Any CPU
		{C53F21FC-02E5-4727-AA0A-EC86258DD725}.Release|Any CPU.ActiveCfg = Release|Any CPU
		{C53F21FC-02E5-4727-AA0A-EC86258DD725}.Release|Any CPU.Build.0 = Release|Any CPU
		{32125E2F-5474-4EB8-B887-40BDEF64E747}.Debug|Any CPU.ActiveCfg = Debug|Any CPU
		{32125E2F-5474-4EB8-B887-40BDEF64E747}.Debug|Any CPU.Build.0 = Debug|Any CPU
		{32125E2F-5474-4EB8-B887-40BDEF64E747}.Release|Any CPU.ActiveCfg = Release|Any CPU
		{32125E2F-5474-4EB8-B887-40BDEF64E747}.Release|Any CPU.Build.0 = Release|Any CPU
		{F6602F5D-4B1C-4E70-A4B9-5D48C2D9325E}.Debug|Any CPU.ActiveCfg = Debug|Any CPU
		{F6602F5D-4B1C-4E70-A4B9-5D48C2D9325E}.Debug|Any CPU.Build.0 = Debug|Any CPU
		{F6602F5D-4B1C-4E70-A4B9-5D48C2D9325E}.Release|Any CPU.ActiveCfg = Release|Any CPU
		{F6602F5D-4B1C-4E70-A4B9-5D48C2D9325E}.Release|Any CPU.Build.0 = Release|Any CPU
		{DAF669DE-08B6-4278-83FE-891191B2ADED}.Debug|Any CPU.ActiveCfg = Debug|Any CPU
		{DAF669DE-08B6-4278-83FE-891191B2ADED}.Debug|Any CPU.Build.0 = Debug|Any CPU
		{DAF669DE-08B6-4278-83FE-891191B2ADED}.Release|Any CPU.ActiveCfg = Release|Any CPU
		{DAF669DE-08B6-4278-83FE-891191B2ADED}.Release|Any CPU.Build.0 = Release|Any CPU
		{799B874D-F9E3-4378-9FCE-7131D87D82B1}.Debug|Any CPU.ActiveCfg = Debug|Any CPU
		{799B874D-F9E3-4378-9FCE-7131D87D82B1}.Debug|Any CPU.Build.0 = Debug|Any CPU
		{799B874D-F9E3-4378-9FCE-7131D87D82B1}.Release|Any CPU.ActiveCfg = Release|Any CPU
		{799B874D-F9E3-4378-9FCE-7131D87D82B1}.Release|Any CPU.Build.0 = Release|Any CPU
		{FCD1CA89-7BFD-4355-888D-2B473C2895C1}.Debug|Any CPU.ActiveCfg = Debug|Any CPU
		{FCD1CA89-7BFD-4355-888D-2B473C2895C1}.Debug|Any CPU.Build.0 = Debug|Any CPU
		{FCD1CA89-7BFD-4355-888D-2B473C2895C1}.Release|Any CPU.ActiveCfg = Release|Any CPU
		{FCD1CA89-7BFD-4355-888D-2B473C2895C1}.Release|Any CPU.Build.0 = Release|Any CPU
		{62014E81-A822-4F2D-8011-E0A2F8DF7EC4}.Debug|Any CPU.ActiveCfg = Debug|Any CPU
		{62014E81-A822-4F2D-8011-E0A2F8DF7EC4}.Debug|Any CPU.Build.0 = Debug|Any CPU
		{62014E81-A822-4F2D-8011-E0A2F8DF7EC4}.Release|Any CPU.ActiveCfg = Release|Any CPU
		{62014E81-A822-4F2D-8011-E0A2F8DF7EC4}.Release|Any CPU.Build.0 = Release|Any CPU
		{347CF46B-F12F-4C0D-B51A-1420D74F423E}.Debug|Any CPU.ActiveCfg = Debug|Any CPU
		{347CF46B-F12F-4C0D-B51A-1420D74F423E}.Debug|Any CPU.Build.0 = Debug|Any CPU
		{347CF46B-F12F-4C0D-B51A-1420D74F423E}.Release|Any CPU.ActiveCfg = Release|Any CPU
		{347CF46B-F12F-4C0D-B51A-1420D74F423E}.Release|Any CPU.Build.0 = Release|Any CPU
		{611E9DF3-E9ED-48AE-A28C-F9F78F6A1F9A}.Debug|Any CPU.ActiveCfg = Debug|Any CPU
		{611E9DF3-E9ED-48AE-A28C-F9F78F6A1F9A}.Debug|Any CPU.Build.0 = Debug|Any CPU
		{611E9DF3-E9ED-48AE-A28C-F9F78F6A1F9A}.Release|Any CPU.ActiveCfg = Release|Any CPU
		{611E9DF3-E9ED-48AE-A28C-F9F78F6A1F9A}.Release|Any CPU.Build.0 = Release|Any CPU
		{C6D9EF93-FD71-4F12-A2D4-A0CBF2BD212E}.Debug|Any CPU.ActiveCfg = Debug|Any CPU
		{C6D9EF93-FD71-4F12-A2D4-A0CBF2BD212E}.Debug|Any CPU.Build.0 = Debug|Any CPU
		{C6D9EF93-FD71-4F12-A2D4-A0CBF2BD212E}.Release|Any CPU.ActiveCfg = Release|Any CPU
		{C6D9EF93-FD71-4F12-A2D4-A0CBF2BD212E}.Release|Any CPU.Build.0 = Release|Any CPU
		{830276DB-80EB-45F4-B7D5-7905B8CB7CE5}.Debug|Any CPU.ActiveCfg = Debug|Any CPU
		{830276DB-80EB-45F4-B7D5-7905B8CB7CE5}.Debug|Any CPU.Build.0 = Debug|Any CPU
		{830276DB-80EB-45F4-B7D5-7905B8CB7CE5}.Release|Any CPU.ActiveCfg = Release|Any CPU
		{830276DB-80EB-45F4-B7D5-7905B8CB7CE5}.Release|Any CPU.Build.0 = Release|Any CPU
		{2C119D2C-E515-424B-B120-0BBE2D75B6F8}.Debug|Any CPU.ActiveCfg = Debug|Any CPU
		{2C119D2C-E515-424B-B120-0BBE2D75B6F8}.Debug|Any CPU.Build.0 = Debug|Any CPU
		{2C119D2C-E515-424B-B120-0BBE2D75B6F8}.Release|Any CPU.ActiveCfg = Release|Any CPU
		{2C119D2C-E515-424B-B120-0BBE2D75B6F8}.Release|Any CPU.Build.0 = Release|Any CPU
		{84ADFD6E-1937-4531-BA8C-7460012A18CD}.Debug|Any CPU.ActiveCfg = Debug|Any CPU
		{84ADFD6E-1937-4531-BA8C-7460012A18CD}.Debug|Any CPU.Build.0 = Debug|Any CPU
		{84ADFD6E-1937-4531-BA8C-7460012A18CD}.Release|Any CPU.ActiveCfg = Release|Any CPU
		{84ADFD6E-1937-4531-BA8C-7460012A18CD}.Release|Any CPU.Build.0 = Release|Any CPU
		{72BA8F36-3AC6-4F1C-B371-561468550885}.Debug|Any CPU.ActiveCfg = Debug|Any CPU
		{72BA8F36-3AC6-4F1C-B371-561468550885}.Debug|Any CPU.Build.0 = Debug|Any CPU
		{72BA8F36-3AC6-4F1C-B371-561468550885}.Release|Any CPU.ActiveCfg = Release|Any CPU
		{72BA8F36-3AC6-4F1C-B371-561468550885}.Release|Any CPU.Build.0 = Release|Any CPU
		{F0249711-3403-43D0-B3F7-198A003F77D0}.Debug|Any CPU.ActiveCfg = Debug|Any CPU
		{F0249711-3403-43D0-B3F7-198A003F77D0}.Debug|Any CPU.Build.0 = Debug|Any CPU
		{F0249711-3403-43D0-B3F7-198A003F77D0}.Release|Any CPU.ActiveCfg = Release|Any CPU
		{F0249711-3403-43D0-B3F7-198A003F77D0}.Release|Any CPU.Build.0 = Release|Any CPU
		{1B2B13DC-3AB5-462B-ACF7-28926F539DC3}.Debug|Any CPU.ActiveCfg = Debug|Any CPU
		{1B2B13DC-3AB5-462B-ACF7-28926F539DC3}.Debug|Any CPU.Build.0 = Debug|Any CPU
		{1B2B13DC-3AB5-462B-ACF7-28926F539DC3}.Release|Any CPU.ActiveCfg = Release|Any CPU
		{1B2B13DC-3AB5-462B-ACF7-28926F539DC3}.Release|Any CPU.Build.0 = Release|Any CPU
		{DD452B62-6C5A-4FC4-8A80-E53528CECA71}.Debug|Any CPU.ActiveCfg = Debug|Any CPU
		{DD452B62-6C5A-4FC4-8A80-E53528CECA71}.Debug|Any CPU.Build.0 = Debug|Any CPU
		{DD452B62-6C5A-4FC4-8A80-E53528CECA71}.Release|Any CPU.ActiveCfg = Release|Any CPU
		{DD452B62-6C5A-4FC4-8A80-E53528CECA71}.Release|Any CPU.Build.0 = Release|Any CPU
		{86A951B0-BDFE-432A-A8D3-2031D67CE99E}.Debug|Any CPU.ActiveCfg = Debug|Any CPU
		{86A951B0-BDFE-432A-A8D3-2031D67CE99E}.Debug|Any CPU.Build.0 = Debug|Any CPU
		{86A951B0-BDFE-432A-A8D3-2031D67CE99E}.Release|Any CPU.ActiveCfg = Release|Any CPU
		{86A951B0-BDFE-432A-A8D3-2031D67CE99E}.Release|Any CPU.Build.0 = Release|Any CPU
		{673D0F4D-0767-4858-9664-E93AF429DA4B}.Debug|Any CPU.ActiveCfg = Debug|Any CPU
		{673D0F4D-0767-4858-9664-E93AF429DA4B}.Debug|Any CPU.Build.0 = Debug|Any CPU
		{673D0F4D-0767-4858-9664-E93AF429DA4B}.Release|Any CPU.ActiveCfg = Release|Any CPU
		{673D0F4D-0767-4858-9664-E93AF429DA4B}.Release|Any CPU.Build.0 = Release|Any CPU
		{E5F62E18-CDED-4163-AE05-2EAA046E1530}.Debug|Any CPU.ActiveCfg = Debug|Any CPU
		{E5F62E18-CDED-4163-AE05-2EAA046E1530}.Debug|Any CPU.Build.0 = Debug|Any CPU
		{E5F62E18-CDED-4163-AE05-2EAA046E1530}.Release|Any CPU.ActiveCfg = Release|Any CPU
		{E5F62E18-CDED-4163-AE05-2EAA046E1530}.Release|Any CPU.Build.0 = Release|Any CPU
		{6FD90D6D-600B-45FB-85BE-DFA6DAF37E23}.Debug|Any CPU.ActiveCfg = Debug|Any CPU
		{6FD90D6D-600B-45FB-85BE-DFA6DAF37E23}.Debug|Any CPU.Build.0 = Debug|Any CPU
		{6FD90D6D-600B-45FB-85BE-DFA6DAF37E23}.Release|Any CPU.ActiveCfg = Release|Any CPU
		{6FD90D6D-600B-45FB-85BE-DFA6DAF37E23}.Release|Any CPU.Build.0 = Release|Any CPU
		{6967D968-9357-4F77-85A0-68437A0A3F28}.Debug|Any CPU.ActiveCfg = Debug|Any CPU
		{6967D968-9357-4F77-85A0-68437A0A3F28}.Debug|Any CPU.Build.0 = Debug|Any CPU
		{6967D968-9357-4F77-85A0-68437A0A3F28}.Release|Any CPU.ActiveCfg = Release|Any CPU
		{6967D968-9357-4F77-85A0-68437A0A3F28}.Release|Any CPU.Build.0 = Release|Any CPU
		{633B8FFA-F52E-4AE2-A389-DB87FF246FD7}.Debug|Any CPU.ActiveCfg = Debug|Any CPU
		{633B8FFA-F52E-4AE2-A389-DB87FF246FD7}.Debug|Any CPU.Build.0 = Debug|Any CPU
		{633B8FFA-F52E-4AE2-A389-DB87FF246FD7}.Release|Any CPU.ActiveCfg = Release|Any CPU
		{633B8FFA-F52E-4AE2-A389-DB87FF246FD7}.Release|Any CPU.Build.0 = Release|Any CPU
		{63273755-8A61-445D-9B06-063AD09F3D1A}.Debug|Any CPU.ActiveCfg = Debug|Any CPU
		{63273755-8A61-445D-9B06-063AD09F3D1A}.Debug|Any CPU.Build.0 = Debug|Any CPU
		{63273755-8A61-445D-9B06-063AD09F3D1A}.Release|Any CPU.ActiveCfg = Release|Any CPU
		{63273755-8A61-445D-9B06-063AD09F3D1A}.Release|Any CPU.Build.0 = Release|Any CPU
		{4145E1B4-730D-46E0-A300-FB427320A9C2}.Debug|Any CPU.ActiveCfg = Debug|Any CPU
		{4145E1B4-730D-46E0-A300-FB427320A9C2}.Debug|Any CPU.Build.0 = Debug|Any CPU
		{4145E1B4-730D-46E0-A300-FB427320A9C2}.Release|Any CPU.ActiveCfg = Release|Any CPU
		{4145E1B4-730D-46E0-A300-FB427320A9C2}.Release|Any CPU.Build.0 = Release|Any CPU
		{3A244129-6A86-4102-8109-4E24CA3EAAC7}.Debug|Any CPU.ActiveCfg = Debug|Any CPU
		{3A244129-6A86-4102-8109-4E24CA3EAAC7}.Debug|Any CPU.Build.0 = Debug|Any CPU
		{3A244129-6A86-4102-8109-4E24CA3EAAC7}.Release|Any CPU.ActiveCfg = Release|Any CPU
		{3A244129-6A86-4102-8109-4E24CA3EAAC7}.Release|Any CPU.Build.0 = Release|Any CPU
		{D99C8A0A-C095-460E-A3D3-14CB4956BA05}.Debug|Any CPU.ActiveCfg = Debug|Any CPU
		{D99C8A0A-C095-460E-A3D3-14CB4956BA05}.Debug|Any CPU.Build.0 = Debug|Any CPU
		{D99C8A0A-C095-460E-A3D3-14CB4956BA05}.Release|Any CPU.ActiveCfg = Release|Any CPU
		{D99C8A0A-C095-460E-A3D3-14CB4956BA05}.Release|Any CPU.Build.0 = Release|Any CPU
		{DD8FCBB8-21A7-49B6-93C2-8E869B307117}.Debug|Any CPU.ActiveCfg = Debug|Any CPU
		{DD8FCBB8-21A7-49B6-93C2-8E869B307117}.Debug|Any CPU.Build.0 = Debug|Any CPU
		{DD8FCBB8-21A7-49B6-93C2-8E869B307117}.Release|Any CPU.ActiveCfg = Release|Any CPU
		{DD8FCBB8-21A7-49B6-93C2-8E869B307117}.Release|Any CPU.Build.0 = Release|Any CPU
		{E3EF5514-D10B-4F3D-B601-70EA43310B13}.Debug|Any CPU.ActiveCfg = Debug|Any CPU
		{E3EF5514-D10B-4F3D-B601-70EA43310B13}.Debug|Any CPU.Build.0 = Debug|Any CPU
		{E3EF5514-D10B-4F3D-B601-70EA43310B13}.Release|Any CPU.ActiveCfg = Release|Any CPU
		{E3EF5514-D10B-4F3D-B601-70EA43310B13}.Release|Any CPU.Build.0 = Release|Any CPU
		{5809C71D-7077-4441-8140-6F0BB196EB2B}.Debug|Any CPU.ActiveCfg = Debug|Any CPU
		{5809C71D-7077-4441-8140-6F0BB196EB2B}.Debug|Any CPU.Build.0 = Debug|Any CPU
		{5809C71D-7077-4441-8140-6F0BB196EB2B}.Release|Any CPU.ActiveCfg = Release|Any CPU
		{5809C71D-7077-4441-8140-6F0BB196EB2B}.Release|Any CPU.Build.0 = Release|Any CPU
	EndGlobalSection
	GlobalSection(SolutionProperties) = preSolution
		HideSolutionNode = FALSE
	EndGlobalSection
	GlobalSection(NestedProjects) = preSolution
		{F7A26028-9A41-4498-A555-3B08C9D378D7} = {0A3BF09B-3DC0-4713-980B-FE761562886B}
		{F18D985B-87AD-4D7B-8403-D242A6F27C18} = {F7A26028-9A41-4498-A555-3B08C9D378D7}
		{2BF23394-9852-4B1B-8B7E-C72A68DD18A0} = {0A3BF09B-3DC0-4713-980B-FE761562886B}
		{9EEF0068-B478-445D-BE9F-13078824BFAC} = {2BF23394-9852-4B1B-8B7E-C72A68DD18A0}
		{5DC94230-D20B-4ED1-81FF-E7C5A5268308} = {2BF23394-9852-4B1B-8B7E-C72A68DD18A0}
		{120E3E85-D979-4BDE-A461-48C0525057C9} = {2BF23394-9852-4B1B-8B7E-C72A68DD18A0}
		{215C982D-7C01-4EE1-A8C3-7E9D358632F0} = {2BF23394-9852-4B1B-8B7E-C72A68DD18A0}
		{C2F14F6B-B480-485C-984A-A8C9C8C024D8} = {2BF23394-9852-4B1B-8B7E-C72A68DD18A0}
		{AEFAE6B0-AE37-438E-AA32-AAEB8EFAC393} = {0A3BF09B-3DC0-4713-980B-FE761562886B}
		{C53F21FC-02E5-4727-AA0A-EC86258DD725} = {AEFAE6B0-AE37-438E-AA32-AAEB8EFAC393}
		{32125E2F-5474-4EB8-B887-40BDEF64E747} = {AEFAE6B0-AE37-438E-AA32-AAEB8EFAC393}
		{F6602F5D-4B1C-4E70-A4B9-5D48C2D9325E} = {AEFAE6B0-AE37-438E-AA32-AAEB8EFAC393}
		{DAF669DE-08B6-4278-83FE-891191B2ADED} = {AEFAE6B0-AE37-438E-AA32-AAEB8EFAC393}
		{1BEB6FD5-B182-4594-9FF0-4E431B131FFB} = {0A3BF09B-3DC0-4713-980B-FE761562886B}
		{799B874D-F9E3-4378-9FCE-7131D87D82B1} = {1BEB6FD5-B182-4594-9FF0-4E431B131FFB}
		{FCD1CA89-7BFD-4355-888D-2B473C2895C1} = {1BEB6FD5-B182-4594-9FF0-4E431B131FFB}
		{62014E81-A822-4F2D-8011-E0A2F8DF7EC4} = {1BEB6FD5-B182-4594-9FF0-4E431B131FFB}
		{347CF46B-F12F-4C0D-B51A-1420D74F423E} = {1BEB6FD5-B182-4594-9FF0-4E431B131FFB}
		{611E9DF3-E9ED-48AE-A28C-F9F78F6A1F9A} = {1BEB6FD5-B182-4594-9FF0-4E431B131FFB}
		{37587E69-7154-4A10-AC48-7F653FAE22A5} = {0A3BF09B-3DC0-4713-980B-FE761562886B}
		{C6D9EF93-FD71-4F12-A2D4-A0CBF2BD212E} = {37587E69-7154-4A10-AC48-7F653FAE22A5}
		{830276DB-80EB-45F4-B7D5-7905B8CB7CE5} = {37587E69-7154-4A10-AC48-7F653FAE22A5}
		{2C119D2C-E515-424B-B120-0BBE2D75B6F8} = {37587E69-7154-4A10-AC48-7F653FAE22A5}
		{84ADFD6E-1937-4531-BA8C-7460012A18CD} = {37587E69-7154-4A10-AC48-7F653FAE22A5}
		{72BA8F36-3AC6-4F1C-B371-561468550885} = {37587E69-7154-4A10-AC48-7F653FAE22A5}
		{F4869F70-B690-498E-880F-81B3D950B961} = {2BF23394-9852-4B1B-8B7E-C72A68DD18A0}
		{F0249711-3403-43D0-B3F7-198A003F77D0} = {F4869F70-B690-498E-880F-81B3D950B961}
		{1B2B13DC-3AB5-462B-ACF7-28926F539DC3} = {F4869F70-B690-498E-880F-81B3D950B961}
		{C7248856-9B18-418F-9CB9-2C9DAC0A0EB9} = {2BF23394-9852-4B1B-8B7E-C72A68DD18A0}
		{DD452B62-6C5A-4FC4-8A80-E53528CECA71} = {C7248856-9B18-418F-9CB9-2C9DAC0A0EB9}
		{86A951B0-BDFE-432A-A8D3-2031D67CE99E} = {C7248856-9B18-418F-9CB9-2C9DAC0A0EB9}
		{B59AE6CD-F73B-41F9-82CA-A9E4C058F4FA} = {AEFAE6B0-AE37-438E-AA32-AAEB8EFAC393}
		{673D0F4D-0767-4858-9664-E93AF429DA4B} = {B59AE6CD-F73B-41F9-82CA-A9E4C058F4FA}
		{E5F62E18-CDED-4163-AE05-2EAA046E1530} = {B59AE6CD-F73B-41F9-82CA-A9E4C058F4FA}
		{B4CBA6FB-F95C-4768-96B8-18D9A90933A2} = {1BEB6FD5-B182-4594-9FF0-4E431B131FFB}
		{6FD90D6D-600B-45FB-85BE-DFA6DAF37E23} = {B4CBA6FB-F95C-4768-96B8-18D9A90933A2}
		{6967D968-9357-4F77-85A0-68437A0A3F28} = {B4CBA6FB-F95C-4768-96B8-18D9A90933A2}
		{E2B4BFF9-36B8-4EEF-AA0D-AB5D22956A6F} = {1BEB6FD5-B182-4594-9FF0-4E431B131FFB}
		{633B8FFA-F52E-4AE2-A389-DB87FF246FD7} = {E2B4BFF9-36B8-4EEF-AA0D-AB5D22956A6F}
		{63273755-8A61-445D-9B06-063AD09F3D1A} = {E2B4BFF9-36B8-4EEF-AA0D-AB5D22956A6F}
		{5BE48A52-5C72-4521-8CA7-DC5F3E8C8B9F} = {37587E69-7154-4A10-AC48-7F653FAE22A5}
		{4145E1B4-730D-46E0-A300-FB427320A9C2} = {5BE48A52-5C72-4521-8CA7-DC5F3E8C8B9F}
		{3A244129-6A86-4102-8109-4E24CA3EAAC7} = {5BE48A52-5C72-4521-8CA7-DC5F3E8C8B9F}
		{202DC13C-7A8B-414E-B225-015F2B711EB6} = {37587E69-7154-4A10-AC48-7F653FAE22A5}
		{D99C8A0A-C095-460E-A3D3-14CB4956BA05} = {202DC13C-7A8B-414E-B225-015F2B711EB6}
		{DD8FCBB8-21A7-49B6-93C2-8E869B307117} = {202DC13C-7A8B-414E-B225-015F2B711EB6}
		{E3EF5514-D10B-4F3D-B601-70EA43310B13} = {F7A26028-9A41-4498-A555-3B08C9D378D7}
		{5809C71D-7077-4441-8140-6F0BB196EB2B} = {F7A26028-9A41-4498-A555-3B08C9D378D7}
	EndGlobalSection
	GlobalSection(ExtensibilityGlobals) = postSolution
		SolutionGuid = {CF2ADA74-C73C-4FD7-A80C-D3286A999938}
	EndGlobalSection
EndGlobal
